
Microsoft Visual Studio Solution File, Format Version 12.00
# Visual Studio 14
VisualStudioVersion = 14.0.25420.1
MinimumVisualStudioVersion = 10.0.40219.1
Project("{FAE04EC0-301F-11D3-BF4B-00C04F79EFBC}") = "xml_to_excel", "xml_to_excel\xml_to_excel.csproj", "{9AF517AC-9D79-493D-9E85-B9F6E654A085}"
EndProject
Project("{2150E333-8FDC-42A3-9474-1A3956D46DE8}") = "Solution Items", "Solution Items", "{29E06873-1C3A-448E-BC3D-9499632BBB15}"
EndProject
Project("{FAE04EC0-301F-11D3-BF4B-00C04F79EFBC}") = "InsertText", "InsertText\InsertText.csproj", "{AE4FC00C-00CE-4944-9921-FFDC42AB1CCC}"
EndProject
Project("{FAE04EC0-301F-11D3-BF4B-00C04F79EFBC}") = "Lists", "Lists\Lists.csproj", "{77C1A253-4A0E-4EA6-B459-AAA463581884}"
EndProject
Project("{FAE04EC0-301F-11D3-BF4B-00C04F79EFBC}") = "ListsRecord", "ListsRecord\ListsRecord.csproj", "{E3E14DF6-03F8-4E8B-A23E-13B48BB02930}"
EndProject
Project("{FAE04EC0-301F-11D3-BF4B-00C04F79EFBC}") = "exportarDados", "exportarDados\exportarDados.csproj", "{EB02A06B-00C8-48D5-8FDF-6F9D4FEB9DB7}"
EndProject
Global
	GlobalSection(SolutionConfigurationPlatforms) = preSolution
		Debug|Any CPU = Debug|Any CPU
		Release|Any CPU = Release|Any CPU
	EndGlobalSection
	GlobalSection(ProjectConfigurationPlatforms) = postSolution
		{9AF517AC-9D79-493D-9E85-B9F6E654A085}.Debug|Any CPU.ActiveCfg = Debug|Any CPU
		{9AF517AC-9D79-493D-9E85-B9F6E654A085}.Debug|Any CPU.Build.0 = Debug|Any CPU
		{9AF517AC-9D79-493D-9E85-B9F6E654A085}.Release|Any CPU.ActiveCfg = Release|Any CPU
		{9AF517AC-9D79-493D-9E85-B9F6E654A085}.Release|Any CPU.Build.0 = Release|Any CPU
		{AE4FC00C-00CE-4944-9921-FFDC42AB1CCC}.Debug|Any CPU.ActiveCfg = Debug|Any CPU
		{AE4FC00C-00CE-4944-9921-FFDC42AB1CCC}.Debug|Any CPU.Build.0 = Debug|Any CPU
		{AE4FC00C-00CE-4944-9921-FFDC42AB1CCC}.Release|Any CPU.ActiveCfg = Release|Any CPU
		{AE4FC00C-00CE-4944-9921-FFDC42AB1CCC}.Release|Any CPU.Build.0 = Release|Any CPU
		{77C1A253-4A0E-4EA6-B459-AAA463581884}.Debug|Any CPU.ActiveCfg = Debug|Any CPU
		{77C1A253-4A0E-4EA6-B459-AAA463581884}.Debug|Any CPU.Build.0 = Debug|Any CPU
		{77C1A253-4A0E-4EA6-B459-AAA463581884}.Release|Any CPU.ActiveCfg = Release|Any CPU
		{77C1A253-4A0E-4EA6-B459-AAA463581884}.Release|Any CPU.Build.0 = Release|Any CPU
		{E3E14DF6-03F8-4E8B-A23E-13B48BB02930}.Debug|Any CPU.ActiveCfg = Debug|Any CPU
		{E3E14DF6-03F8-4E8B-A23E-13B48BB02930}.Debug|Any CPU.Build.0 = Debug|Any CPU
		{E3E14DF6-03F8-4E8B-A23E-13B48BB02930}.Release|Any CPU.ActiveCfg = Release|Any CPU
		{E3E14DF6-03F8-4E8B-A23E-13B48BB02930}.Release|Any CPU.Build.0 = Release|Any CPU
		{EB02A06B-00C8-48D5-8FDF-6F9D4FEB9DB7}.Debug|Any CPU.ActiveCfg = Debug|Any CPU
		{EB02A06B-00C8-48D5-8FDF-6F9D4FEB9DB7}.Debug|Any CPU.Build.0 = Debug|Any CPU
		{EB02A06B-00C8-48D5-8FDF-6F9D4FEB9DB7}.Release|Any CPU.ActiveCfg = Release|Any CPU
		{EB02A06B-00C8-48D5-8FDF-6F9D4FEB9DB7}.Release|Any CPU.Build.0 = Release|Any CPU
	EndGlobalSection
	GlobalSection(SolutionProperties) = preSolution
		HideSolutionNode = FALSE
	EndGlobalSection
EndGlobal
