
Microsoft Visual Studio Solution File, Format Version 12.00
# Visual Studio 2012
Project("{159641D6-6404-4A2A-AE62-294DE0FE8301}") = "WinSCP", "WinSCP\WinSCP.dtproj", "{760C1B39-864D-4634-812D-F30858089AC6}"
EndProject
Global
	GlobalSection(SolutionConfigurationPlatforms) = preSolution
		Development|Default = Development|Default
	EndGlobalSection
	GlobalSection(ProjectConfigurationPlatforms) = postSolution
		{760C1B39-864D-4634-812D-F30858089AC6}.Development|Default.ActiveCfg = Development
		{760C1B39-864D-4634-812D-F30858089AC6}.Development|Default.Build.0 = Development
	EndGlobalSection
	GlobalSection(SolutionProperties) = preSolution
		HideSolutionNode = FALSE
	EndGlobalSection
EndGlobal
